
Microsoft Visual Studio Solution File, Format Version 12.00
# Visual Studio 15
VisualStudioVersion = 15.0.27703.2042
MinimumVisualStudioVersion = 10.0.40219.1
Project("{9A19103F-16F7-4668-BE54-9A1E7A4F7556}") = "AnastasBuyTank", "AnastasBuyTank\AnastasBuyTank.csproj", "{EEACF04C-1858-4751-83F9-80AADF6CCFDA}"
EndProject
Project("{2150E333-8FDC-42A3-9474-1A3956D46DE8}") = "week8", "week8", "{0509FB87-E062-4240-806A-D04B05385969}"
EndProject
Project("{9A19103F-16F7-4668-BE54-9A1E7A4F7556}") = "TextBombardment", "TextBombardment\TextBombardment.csproj", "{E8122325-745A-4D4B-9A9E-B2F1203313ED}"
EndProject
Project("{2150E333-8FDC-42A3-9474-1A3956D46DE8}") = "week9", "week9", "{4916DDC0-99EF-41F4-99E6-BD044B961D04}"
EndProject
Project("{FAE04EC0-301F-11D3-BF4B-00C04F79EFBC}") = "String", "String\String.csproj", "{824BE3BC-1363-4752-8F62-518EDBAB1AF8}"
EndProject
Global
	GlobalSection(SolutionConfigurationPlatforms) = preSolution
		Debug|Any CPU = Debug|Any CPU
		Release|Any CPU = Release|Any CPU
	EndGlobalSection
	GlobalSection(ProjectConfigurationPlatforms) = postSolution
		{EEACF04C-1858-4751-83F9-80AADF6CCFDA}.Debug|Any CPU.ActiveCfg = Debug|Any CPU
		{EEACF04C-1858-4751-83F9-80AADF6CCFDA}.Debug|Any CPU.Build.0 = Debug|Any CPU
		{EEACF04C-1858-4751-83F9-80AADF6CCFDA}.Release|Any CPU.ActiveCfg = Release|Any CPU
		{EEACF04C-1858-4751-83F9-80AADF6CCFDA}.Release|Any CPU.Build.0 = Release|Any CPU
		{E8122325-745A-4D4B-9A9E-B2F1203313ED}.Debug|Any CPU.ActiveCfg = Debug|Any CPU
		{E8122325-745A-4D4B-9A9E-B2F1203313ED}.Debug|Any CPU.Build.0 = Debug|Any CPU
		{E8122325-745A-4D4B-9A9E-B2F1203313ED}.Release|Any CPU.ActiveCfg = Release|Any CPU
		{E8122325-745A-4D4B-9A9E-B2F1203313ED}.Release|Any CPU.Build.0 = Release|Any CPU
		{824BE3BC-1363-4752-8F62-518EDBAB1AF8}.Debug|Any CPU.ActiveCfg = Debug|Any CPU
		{824BE3BC-1363-4752-8F62-518EDBAB1AF8}.Debug|Any CPU.Build.0 = Debug|Any CPU
		{824BE3BC-1363-4752-8F62-518EDBAB1AF8}.Release|Any CPU.ActiveCfg = Release|Any CPU
		{824BE3BC-1363-4752-8F62-518EDBAB1AF8}.Release|Any CPU.Build.0 = Release|Any CPU
	EndGlobalSection
	GlobalSection(SolutionProperties) = preSolution
		HideSolutionNode = FALSE
	EndGlobalSection
	GlobalSection(NestedProjects) = preSolution
		{E8122325-745A-4D4B-9A9E-B2F1203313ED} = {0509FB87-E062-4240-806A-D04B05385969}
		{824BE3BC-1363-4752-8F62-518EDBAB1AF8} = {4916DDC0-99EF-41F4-99E6-BD044B961D04}
	EndGlobalSection
	GlobalSection(ExtensibilityGlobals) = postSolution
		SolutionGuid = {FF28CFE7-6D57-4FE8-BA51-11F377AA2C60}
	EndGlobalSection
EndGlobal
